
Microsoft Visual Studio Solution File, Format Version 12.00
# Visual Studio Version 16
VisualStudioVersion = 16.0.30523.141
MinimumVisualStudioVersion = 10.0.40219.1
Project("{FAE04EC0-301F-11D3-BF4B-00C04F79EFBC}") = "Assembly-CSharp", "Assembly-CSharp\Assembly-CSharp.csproj", "{B9F59C0E-6981-4D89-8CB8-E75E37E8DFAD}"
EndProject
Global
	GlobalSection(SolutionConfigurationPlatforms) = preSolution
		Debug|Any CPU = Debug|Any CPU
		Release|Any CPU = Release|Any CPU
		Server Release|Any CPU = Server Release|Any CPU
	EndGlobalSection
	GlobalSection(ProjectConfigurationPlatforms) = postSolution
		{B9F59C0E-6981-4D89-8CB8-E75E37E8DFAD}.Debug|Any CPU.ActiveCfg = Debug|Any CPU
		{B9F59C0E-6981-4D89-8CB8-E75E37E8DFAD}.Debug|Any CPU.Build.0 = Debug|Any CPU
		{B9F59C0E-6981-4D89-8CB8-E75E37E8DFAD}.Release|Any CPU.ActiveCfg = Release|Any CPU
		{B9F59C0E-6981-4D89-8CB8-E75E37E8DFAD}.Release|Any CPU.Build.0 = Release|Any CPU
		{B9F59C0E-6981-4D89-8CB8-E75E37E8DFAD}.Server Release|Any CPU.ActiveCfg = Server Release|Any CPU
		{B9F59C0E-6981-4D89-8CB8-E75E37E8DFAD}.Server Release|Any CPU.Build.0 = Server Release|Any CPU
	EndGlobalSection
	GlobalSection(SolutionProperties) = preSolution
		HideSolutionNode = FALSE
	EndGlobalSection
	GlobalSection(ExtensibilityGlobals) = postSolution
		SolutionGuid = {32E9DE28-28CE-4D84-9B1F-0A12596A1B87}
	EndGlobalSection
EndGlobal
